
Microsoft Visual Studio Solution File, Format Version 12.00
# Visual Studio Version 17
VisualStudioVersion = 17.4.33205.214
MinimumVisualStudioVersion = 10.0.40219.1
Project("{888888A0-9F3D-457C-B088-3A5042F75D52}") = "EuroopaRiigid", "EuroopaRiigid.pyproj", "{BF31175A-7B9A-496A-9AC5-AA7F05FA5EAD}"
EndProject
Global
	GlobalSection(SolutionConfigurationPlatforms) = preSolution
		Debug|Any CPU = Debug|Any CPU
		Release|Any CPU = Release|Any CPU
	EndGlobalSection
	GlobalSection(ProjectConfigurationPlatforms) = postSolution
		{BF31175A-7B9A-496A-9AC5-AA7F05FA5EAD}.Debug|Any CPU.ActiveCfg = Debug|Any CPU
		{BF31175A-7B9A-496A-9AC5-AA7F05FA5EAD}.Release|Any CPU.ActiveCfg = Release|Any CPU
	EndGlobalSection
	GlobalSection(SolutionProperties) = preSolution
		HideSolutionNode = FALSE
	EndGlobalSection
	GlobalSection(ExtensibilityGlobals) = postSolution
		SolutionGuid = {EF5B1E9B-BF68-4B92-809E-B508CA9FCF4C}
	EndGlobalSection
EndGlobal
